
Microsoft Visual Studio Solution File, Format Version 12.00
# Visual Studio 15
VisualStudioVersion = 15.0.27703.2018
MinimumVisualStudioVersion = 10.0.40219.1
Project("{FAE04EC0-301F-11D3-BF4B-00C04F79EFBC}") = "Challenger Test", "Challenger Test\Challenger Test.csproj", "{ADA1F1F6-4B9E-4CBB-BD1B-9E69E2702F7B}"
EndProject
Project("{FAE04EC0-301F-11D3-BF4B-00C04F79EFBC}") = "Challenger Test.Tests", "Challenger Test.Tests\Challenger Test.Tests.csproj", "{E9FB214A-0D6B-4013-8F8D-C7E829DDF79C}"
EndProject
Project("{FAE04EC0-301F-11D3-BF4B-00C04F79EFBC}") = "Challenger.BO", "Challenger.BO\Challenger.BO.csproj", "{5AFCC998-06C2-4A96-B23D-B3A7CB20E1B5}"
EndProject
Project("{FAE04EC0-301F-11D3-BF4B-00C04F79EFBC}") = "Challenger.Entities", "Challenger.Entities\Challenger.Entities.csproj", "{75E3D964-2E7E-4CF0-87A9-A7EFD48A7489}"
EndProject
Project("{FAE04EC0-301F-11D3-BF4B-00C04F79EFBC}") = "Challenger.BO.Implementation", "Challenger.BO.Implementation\Challenger.BO.Implementation.csproj", "{CE85BD86-EE05-4867-8FA8-FF5150438F0C}"
EndProject
Global
	GlobalSection(SolutionConfigurationPlatforms) = preSolution
		Debug|Any CPU = Debug|Any CPU
		Release|Any CPU = Release|Any CPU
	EndGlobalSection
	GlobalSection(ProjectConfigurationPlatforms) = postSolution
		{ADA1F1F6-4B9E-4CBB-BD1B-9E69E2702F7B}.Debug|Any CPU.ActiveCfg = Debug|Any CPU
		{ADA1F1F6-4B9E-4CBB-BD1B-9E69E2702F7B}.Debug|Any CPU.Build.0 = Debug|Any CPU
		{ADA1F1F6-4B9E-4CBB-BD1B-9E69E2702F7B}.Release|Any CPU.ActiveCfg = Release|Any CPU
		{ADA1F1F6-4B9E-4CBB-BD1B-9E69E2702F7B}.Release|Any CPU.Build.0 = Release|Any CPU
		{E9FB214A-0D6B-4013-8F8D-C7E829DDF79C}.Debug|Any CPU.ActiveCfg = Debug|Any CPU
		{E9FB214A-0D6B-4013-8F8D-C7E829DDF79C}.Debug|Any CPU.Build.0 = Debug|Any CPU
		{E9FB214A-0D6B-4013-8F8D-C7E829DDF79C}.Release|Any CPU.ActiveCfg = Release|Any CPU
		{E9FB214A-0D6B-4013-8F8D-C7E829DDF79C}.Release|Any CPU.Build.0 = Release|Any CPU
		{5AFCC998-06C2-4A96-B23D-B3A7CB20E1B5}.Debug|Any CPU.ActiveCfg = Debug|Any CPU
		{5AFCC998-06C2-4A96-B23D-B3A7CB20E1B5}.Debug|Any CPU.Build.0 = Debug|Any CPU
		{5AFCC998-06C2-4A96-B23D-B3A7CB20E1B5}.Release|Any CPU.ActiveCfg = Release|Any CPU
		{5AFCC998-06C2-4A96-B23D-B3A7CB20E1B5}.Release|Any CPU.Build.0 = Release|Any CPU
		{75E3D964-2E7E-4CF0-87A9-A7EFD48A7489}.Debug|Any CPU.ActiveCfg = Debug|Any CPU
		{75E3D964-2E7E-4CF0-87A9-A7EFD48A7489}.Debug|Any CPU.Build.0 = Debug|Any CPU
		{75E3D964-2E7E-4CF0-87A9-A7EFD48A7489}.Release|Any CPU.ActiveCfg = Release|Any CPU
		{75E3D964-2E7E-4CF0-87A9-A7EFD48A7489}.Release|Any CPU.Build.0 = Release|Any CPU
		{CE85BD86-EE05-4867-8FA8-FF5150438F0C}.Debug|Any CPU.ActiveCfg = Debug|Any CPU
		{CE85BD86-EE05-4867-8FA8-FF5150438F0C}.Debug|Any CPU.Build.0 = Debug|Any CPU
		{CE85BD86-EE05-4867-8FA8-FF5150438F0C}.Release|Any CPU.ActiveCfg = Release|Any CPU
		{CE85BD86-EE05-4867-8FA8-FF5150438F0C}.Release|Any CPU.Build.0 = Release|Any CPU
	EndGlobalSection
	GlobalSection(SolutionProperties) = preSolution
		HideSolutionNode = FALSE
	EndGlobalSection
	GlobalSection(ExtensibilityGlobals) = postSolution
		SolutionGuid = {511A2639-6492-43C6-915D-2C137D4B5639}
	EndGlobalSection
EndGlobal
