
Microsoft Visual Studio Solution File, Format Version 12.00
# Visual Studio 15
VisualStudioVersion = 15.0.27703.2018
MinimumVisualStudioVersion = 10.0.40219.1
Project("{FAE04EC0-301F-11D3-BF4B-00C04F79EFBC}") = "Challenge", "Challenge\Challenge.csproj", "{99DF31B7-0883-4F93-A16B-06F04CFB783A}"
EndProject
Global
	GlobalSection(SolutionConfigurationPlatforms) = preSolution
		Debug|Any CPU = Debug|Any CPU
		Release|Any CPU = Release|Any CPU
	EndGlobalSection
	GlobalSection(ProjectConfigurationPlatforms) = postSolution
		{99DF31B7-0883-4F93-A16B-06F04CFB783A}.Debug|Any CPU.ActiveCfg = Debug|Any CPU
		{99DF31B7-0883-4F93-A16B-06F04CFB783A}.Debug|Any CPU.Build.0 = Debug|Any CPU
		{99DF31B7-0883-4F93-A16B-06F04CFB783A}.Release|Any CPU.ActiveCfg = Release|Any CPU
		{99DF31B7-0883-4F93-A16B-06F04CFB783A}.Release|Any CPU.Build.0 = Release|Any CPU
	EndGlobalSection
	GlobalSection(SolutionProperties) = preSolution
		HideSolutionNode = FALSE
	EndGlobalSection
	GlobalSection(ExtensibilityGlobals) = postSolution
		SolutionGuid = {68544291-8CA4-4FF8-AEB7-838FF27F23A3}
	EndGlobalSection
EndGlobal
